
Microsoft Visual Studio Solution File, Format Version 12.00
# Visual Studio Version 17
VisualStudioVersion = 17.1.32210.238
MinimumVisualStudioVersion = 10.0.40219.1
Project("{FAE04EC0-301F-11D3-BF4B-00C04F79EFBC}") = "Domain", "Domain\Domain.csproj", "{26FD191F-901D-4224-A0F4-C93819EDA0DE}"
EndProject
Project("{FAE04EC0-301F-11D3-BF4B-00C04F79EFBC}") = "Controller", "Controller\Controller.csproj", "{8AFD5675-EF7D-4C0C-9936-8EBF95410A98}"
EndProject
Project("{FAE04EC0-301F-11D3-BF4B-00C04F79EFBC}") = "IRepository", "IRepository\IRepository.csproj", "{D74D687A-51AA-4F86-9A2E-BDC3BF517078}"
EndProject
Project("{FAE04EC0-301F-11D3-BF4B-00C04F79EFBC}") = "Test", "Test\Test.csproj", "{B7AC924F-1649-42EF-BDC2-8B72E4A27129}"
EndProject
Project("{FAE04EC0-301F-11D3-BF4B-00C04F79EFBC}") = "GUI", "GUI\GUI.csproj", "{D8F51CFA-D617-4971-87A8-7D1CDE18867E}"
EndProject
Project("{FAE04EC0-301F-11D3-BF4B-00C04F79EFBC}") = "Engine", "Engine\Engine.csproj", "{B423631E-FFB8-41F2-9658-9D7B3CD0E47E}"
EndProject
Project("{FAE04EC0-301F-11D3-BF4B-00C04F79EFBC}") = "DBRepository", "DBRepository\DBRepository.csproj", "{024F737B-EE41-4389-B9CA-8460FA47FBC7}"
EndProject
Global
	GlobalSection(SolutionConfigurationPlatforms) = preSolution
		Debug|Any CPU = Debug|Any CPU
		Release|Any CPU = Release|Any CPU
	EndGlobalSection
	GlobalSection(ProjectConfigurationPlatforms) = postSolution
		{26FD191F-901D-4224-A0F4-C93819EDA0DE}.Debug|Any CPU.ActiveCfg = Debug|Any CPU
		{26FD191F-901D-4224-A0F4-C93819EDA0DE}.Debug|Any CPU.Build.0 = Debug|Any CPU
		{26FD191F-901D-4224-A0F4-C93819EDA0DE}.Release|Any CPU.ActiveCfg = Release|Any CPU
		{26FD191F-901D-4224-A0F4-C93819EDA0DE}.Release|Any CPU.Build.0 = Release|Any CPU
		{8AFD5675-EF7D-4C0C-9936-8EBF95410A98}.Debug|Any CPU.ActiveCfg = Debug|Any CPU
		{8AFD5675-EF7D-4C0C-9936-8EBF95410A98}.Debug|Any CPU.Build.0 = Debug|Any CPU
		{8AFD5675-EF7D-4C0C-9936-8EBF95410A98}.Release|Any CPU.ActiveCfg = Release|Any CPU
		{8AFD5675-EF7D-4C0C-9936-8EBF95410A98}.Release|Any CPU.Build.0 = Release|Any CPU
		{D74D687A-51AA-4F86-9A2E-BDC3BF517078}.Debug|Any CPU.ActiveCfg = Debug|Any CPU
		{D74D687A-51AA-4F86-9A2E-BDC3BF517078}.Debug|Any CPU.Build.0 = Debug|Any CPU
		{D74D687A-51AA-4F86-9A2E-BDC3BF517078}.Release|Any CPU.ActiveCfg = Release|Any CPU
		{D74D687A-51AA-4F86-9A2E-BDC3BF517078}.Release|Any CPU.Build.0 = Release|Any CPU
		{B7AC924F-1649-42EF-BDC2-8B72E4A27129}.Debug|Any CPU.ActiveCfg = Debug|Any CPU
		{B7AC924F-1649-42EF-BDC2-8B72E4A27129}.Debug|Any CPU.Build.0 = Debug|Any CPU
		{B7AC924F-1649-42EF-BDC2-8B72E4A27129}.Release|Any CPU.ActiveCfg = Release|Any CPU
		{B7AC924F-1649-42EF-BDC2-8B72E4A27129}.Release|Any CPU.Build.0 = Release|Any CPU
		{D8F51CFA-D617-4971-87A8-7D1CDE18867E}.Debug|Any CPU.ActiveCfg = Debug|Any CPU
		{D8F51CFA-D617-4971-87A8-7D1CDE18867E}.Debug|Any CPU.Build.0 = Debug|Any CPU
		{D8F51CFA-D617-4971-87A8-7D1CDE18867E}.Release|Any CPU.ActiveCfg = Release|Any CPU
		{D8F51CFA-D617-4971-87A8-7D1CDE18867E}.Release|Any CPU.Build.0 = Release|Any CPU
		{B423631E-FFB8-41F2-9658-9D7B3CD0E47E}.Debug|Any CPU.ActiveCfg = Debug|Any CPU
		{B423631E-FFB8-41F2-9658-9D7B3CD0E47E}.Debug|Any CPU.Build.0 = Debug|Any CPU
		{B423631E-FFB8-41F2-9658-9D7B3CD0E47E}.Release|Any CPU.ActiveCfg = Release|Any CPU
		{B423631E-FFB8-41F2-9658-9D7B3CD0E47E}.Release|Any CPU.Build.0 = Release|Any CPU
		{024F737B-EE41-4389-B9CA-8460FA47FBC7}.Debug|Any CPU.ActiveCfg = Debug|Any CPU
		{024F737B-EE41-4389-B9CA-8460FA47FBC7}.Debug|Any CPU.Build.0 = Debug|Any CPU
		{024F737B-EE41-4389-B9CA-8460FA47FBC7}.Release|Any CPU.ActiveCfg = Release|Any CPU
		{024F737B-EE41-4389-B9CA-8460FA47FBC7}.Release|Any CPU.Build.0 = Release|Any CPU
	EndGlobalSection
	GlobalSection(SolutionProperties) = preSolution
		HideSolutionNode = FALSE
	EndGlobalSection
	GlobalSection(ExtensibilityGlobals) = postSolution
		SolutionGuid = {4CD8C28B-C5EE-4DA7-8079-2E18D9DA60FB}
	EndGlobalSection
EndGlobal
